
Microsoft Visual Studio Solution File, Format Version 12.00
# Visual Studio Version 17
VisualStudioVersion = 17.4.33103.184
MinimumVisualStudioVersion = 10.0.40219.1
Project("{FAE04EC0-301F-11D3-BF4B-00C04F79EFBC}") = "WebApplication1", "WebApplication1\WebApplication1.csproj", "{A87431BE-00DA-428B-946A-74347C9DA6B0}"
EndProject
Global
	GlobalSection(SolutionConfigurationPlatforms) = preSolution
		Debug|Any CPU = Debug|Any CPU
		Release|Any CPU = Release|Any CPU
	EndGlobalSection
	GlobalSection(ProjectConfigurationPlatforms) = postSolution
		{A87431BE-00DA-428B-946A-74347C9DA6B0}.Debug|Any CPU.ActiveCfg = Debug|Any CPU
		{A87431BE-00DA-428B-946A-74347C9DA6B0}.Debug|Any CPU.Build.0 = Debug|Any CPU
		{A87431BE-00DA-428B-946A-74347C9DA6B0}.Release|Any CPU.ActiveCfg = Release|Any CPU
		{A87431BE-00DA-428B-946A-74347C9DA6B0}.Release|Any CPU.Build.0 = Release|Any CPU
	EndGlobalSection
	GlobalSection(SolutionProperties) = preSolution
		HideSolutionNode = FALSE
	EndGlobalSection
	GlobalSection(ExtensibilityGlobals) = postSolution
		SolutionGuid = {32C96658-6DE7-4D81-9665-763265343D7A}
	EndGlobalSection
EndGlobal
